// !$*UTF8*$!
{
	archiveVersion = 1;
	classes = {
	};
	objectVersion = 46;
	objects = {

/* Begin PBXBuildFile section */
		36594F981AF1C68A0010E3D1 /* DCSFuzzTextCell.xib in Resources */ = {isa = PBXBuildFile; fileRef = 36594F971AF1C68A0010E3D1 /* DCSFuzzTextCell.xib */; };
		36594F9A1AF1D49A0010E3D1 /* placeholder.png in Resources */ = {isa = PBXBuildFile; fileRef = 36594F991AF1D49A0010E3D1 /* placeholder.png */; };
		36594F9E1AF1D9BA0010E3D1 /* DCSFuzzImageViewController.m in Sources */ = {isa = PBXBuildFile; fileRef = 36594F9C1AF1D9BA0010E3D1 /* DCSFuzzImageViewController.m */; };
		36594F9F1AF1D9BA0010E3D1 /* DCSFuzzImageViewController.xib in Resources */ = {isa = PBXBuildFile; fileRef = 36594F9D1AF1D9BA0010E3D1 /* DCSFuzzImageViewController.xib */; };
		36594FA31AF1DDE10010E3D1 /* DCSFuzzWebViewController.m in Sources */ = {isa = PBXBuildFile; fileRef = 36594FA11AF1DDE10010E3D1 /* DCSFuzzWebViewController.m */; };
		36594FA41AF1DDE10010E3D1 /* DCSFuzzWebViewController.xib in Resources */ = {isa = PBXBuildFile; fileRef = 36594FA21AF1DDE10010E3D1 /* DCSFuzzWebViewController.xib */; };
		36594FAA1AF2B6500010E3D1 /* no_image.png in Resources */ = {isa = PBXBuildFile; fileRef = 36594FA91AF2B6500010E3D1 /* no_image.png */; };
		368126921AF17E9000101034 /* main.m in Sources */ = {isa = PBXBuildFile; fileRef = 368126911AF17E9000101034 /* main.m */; };
		368126951AF17E9000101034 /* AppDelegate.m in Sources */ = {isa = PBXBuildFile; fileRef = 368126941AF17E9000101034 /* AppDelegate.m */; };
		3681269B1AF17E9000101034 /* Main.storyboard in Resources */ = {isa = PBXBuildFile; fileRef = 368126991AF17E9000101034 /* Main.storyboard */; };
		3681269D1AF17E9000101034 /* Images.xcassets in Resources */ = {isa = PBXBuildFile; fileRef = 3681269C1AF17E9000101034 /* Images.xcassets */; };
		368126A01AF17E9000101034 /* LaunchScreen.xib in Resources */ = {isa = PBXBuildFile; fileRef = 3681269E1AF17E9000101034 /* LaunchScreen.xib */; };
		368126AC1AF17E9000101034 /* FuzzCodingChallengeTests.m in Sources */ = {isa = PBXBuildFile; fileRef = 368126AB1AF17E9000101034 /* FuzzCodingChallengeTests.m */; };
		369FD35D1AF1A793009FB9A7 /* DCSFuzzTextCell.m in Sources */ = {isa = PBXBuildFile; fileRef = 369FD35B1AF1A793009FB9A7 /* DCSFuzzTextCell.m */; };
		369FD3671AF1C3AD009FB9A7 /* DCSFuzzImageTableViewCell.xib in Resources */ = {isa = PBXBuildFile; fileRef = 369FD3661AF1C3AD009FB9A7 /* DCSFuzzImageTableViewCell.xib */; };
		369FD36A1AF1C3F8009FB9A7 /* DCSFuzzImageTableViewCell.m in Sources */ = {isa = PBXBuildFile; fileRef = 369FD3691AF1C3F8009FB9A7 /* DCSFuzzImageTableViewCell.m */; };
		36ED69051AF1970F008EA7D3 /* DCSFuzzDatastore.m in Sources */ = {isa = PBXBuildFile; fileRef = 36ED69041AF1970F008EA7D3 /* DCSFuzzDatastore.m */; };
		36ED69081AF19741008EA7D3 /* DCSFuzzAPI.m in Sources */ = {isa = PBXBuildFile; fileRef = 36ED69071AF19741008EA7D3 /* DCSFuzzAPI.m */; };
		36ED690B1AF1976C008EA7D3 /* DCSConstants.m in Sources */ = {isa = PBXBuildFile; fileRef = 36ED690A1AF1976C008EA7D3 /* DCSConstants.m */; };
		36ED690E1AF19900008EA7D3 /* DCSFuzzData.m in Sources */ = {isa = PBXBuildFile; fileRef = 36ED690D1AF19900008EA7D3 /* DCSFuzzData.m */; };
		36ED69111AF19BD5008EA7D3 /* DCSFuzzTabBarController.m in Sources */ = {isa = PBXBuildFile; fileRef = 36ED69101AF19BD5008EA7D3 /* DCSFuzzTabBarController.m */; };
		36ED69141AF19C24008EA7D3 /* DCSFuzzAllDataTableViewController.m in Sources */ = {isa = PBXBuildFile; fileRef = 36ED69131AF19C24008EA7D3 /* DCSFuzzAllDataTableViewController.m */; };
		36ED69171AF19C6B008EA7D3 /* DCSFuzzImagesTableViewController.m in Sources */ = {isa = PBXBuildFile; fileRef = 36ED69161AF19C6B008EA7D3 /* DCSFuzzImagesTableViewController.m */; };
		36ED691A1AF19C78008EA7D3 /* DCSFuzzTextTableViewController.m in Sources */ = {isa = PBXBuildFile; fileRef = 36ED69191AF19C78008EA7D3 /* DCSFuzzTextTableViewController.m */; };
		91C8B54D7E697469353F7B13 /* libPods.a in Frameworks */ = {isa = PBXBuildFile; fileRef = 5BA7C613EE166D3BEBCC6DB6 /* libPods.a */; };
/* End PBXBuildFile section */

/* Begin PBXContainerItemProxy section */
		368126A61AF17E9000101034 /* PBXContainerItemProxy */ = {
			isa = PBXContainerItemProxy;
			containerPortal = 368126841AF17E9000101034 /* Project object */;
			proxyType = 1;
			remoteGlobalIDString = 3681268B1AF17E9000101034;
			remoteInfo = FuzzCodingChallenge;
		};
/* End PBXContainerItemProxy section */

/* Begin PBXFileReference section */
		36594F971AF1C68A0010E3D1 /* DCSFuzzTextCell.xib */ = {isa = PBXFileReference; fileEncoding = 4; lastKnownFileType = file.xib; path = DCSFuzzTextCell.xib; sourceTree = "<group>"; };
		36594F991AF1D49A0010E3D1 /* placeholder.png */ = {isa = PBXFileReference; lastKnownFileType = image.png; path = placeholder.png; sourceTree = "<group>"; };
		36594F9B1AF1D9BA0010E3D1 /* DCSFuzzImageViewController.h */ = {isa = PBXFileReference; fileEncoding = 4; lastKnownFileType = sourcecode.c.h; path = DCSFuzzImageViewController.h; sourceTree = "<group>"; };
		36594F9C1AF1D9BA0010E3D1 /* DCSFuzzImageViewController.m */ = {isa = PBXFileReference; fileEncoding = 4; lastKnownFileType = sourcecode.c.objc; path = DCSFuzzImageViewController.m; sourceTree = "<group>"; };
		36594F9D1AF1D9BA0010E3D1 /* DCSFuzzImageViewController.xib */ = {isa = PBXFileReference; fileEncoding = 4; lastKnownFileType = file.xib; path = DCSFuzzImageViewController.xib; sourceTree = "<group>"; };
		36594FA01AF1DDE10010E3D1 /* DCSFuzzWebViewController.h */ = {isa = PBXFileReference; fileEncoding = 4; lastKnownFileType = sourcecode.c.h; path = DCSFuzzWebViewController.h; sourceTree = "<group>"; };
		36594FA11AF1DDE10010E3D1 /* DCSFuzzWebViewController.m */ = {isa = PBXFileReference; fileEncoding = 4; lastKnownFileType = sourcecode.c.objc; path = DCSFuzzWebViewController.m; sourceTree = "<group>"; };
		36594FA21AF1DDE10010E3D1 /* DCSFuzzWebViewController.xib */ = {isa = PBXFileReference; fileEncoding = 4; lastKnownFileType = file.xib; path = DCSFuzzWebViewController.xib; sourceTree = "<group>"; };
		36594FA91AF2B6500010E3D1 /* no_image.png */ = {isa = PBXFileReference; lastKnownFileType = image.png; path = no_image.png; sourceTree = "<group>"; };
		3681268C1AF17E9000101034 /* FuzzCodingChallenge.app */ = {isa = PBXFileReference; explicitFileType = wrapper.application; includeInIndex = 0; path = FuzzCodingChallenge.app; sourceTree = BUILT_PRODUCTS_DIR; };
		368126901AF17E9000101034 /* Info.plist */ = {isa = PBXFileReference; lastKnownFileType = text.plist.xml; path = Info.plist; sourceTree = "<group>"; };
		368126911AF17E9000101034 /* main.m */ = {isa = PBXFileReference; lastKnownFileType = sourcecode.c.objc; path = main.m; sourceTree = "<group>"; };
		368126931AF17E9000101034 /* AppDelegate.h */ = {isa = PBXFileReference; lastKnownFileType = sourcecode.c.h; path = AppDelegate.h; sourceTree = "<group>"; };
		368126941AF17E9000101034 /* AppDelegate.m */ = {isa = PBXFileReference; lastKnownFileType = sourcecode.c.objc; path = AppDelegate.m; sourceTree = "<group>"; };
		3681269A1AF17E9000101034 /* Base */ = {isa = PBXFileReference; lastKnownFileType = file.storyboard; name = Base; path = Base.lproj/Main.storyboard; sourceTree = "<group>"; };
		3681269C1AF17E9000101034 /* Images.xcassets */ = {isa = PBXFileReference; lastKnownFileType = folder.assetcatalog; path = Images.xcassets; sourceTree = "<group>"; };
		3681269F1AF17E9000101034 /* Base */ = {isa = PBXFileReference; lastKnownFileType = file.xib; name = Base; path = Base.lproj/LaunchScreen.xib; sourceTree = "<group>"; };
		368126A51AF17E9000101034 /* FuzzCodingChallengeTests.xctest */ = {isa = PBXFileReference; explicitFileType = wrapper.cfbundle; includeInIndex = 0; path = FuzzCodingChallengeTests.xctest; sourceTree = BUILT_PRODUCTS_DIR; };
		368126AA1AF17E9000101034 /* Info.plist */ = {isa = PBXFileReference; lastKnownFileType = text.plist.xml; path = Info.plist; sourceTree = "<group>"; };
		368126AB1AF17E9000101034 /* FuzzCodingChallengeTests.m */ = {isa = PBXFileReference; lastKnownFileType = sourcecode.c.objc; path = FuzzCodingChallengeTests.m; sourceTree = "<group>"; };
		369FD35A1AF1A793009FB9A7 /* DCSFuzzTextCell.h */ = {isa = PBXFileReference; fileEncoding = 4; lastKnownFileType = sourcecode.c.h; path = DCSFuzzTextCell.h; sourceTree = "<group>"; };
		369FD35B1AF1A793009FB9A7 /* DCSFuzzTextCell.m */ = {isa = PBXFileReference; fileEncoding = 4; lastKnownFileType = sourcecode.c.objc; path = DCSFuzzTextCell.m; sourceTree = "<group>"; };
		369FD3661AF1C3AD009FB9A7 /* DCSFuzzImageTableViewCell.xib */ = {isa = PBXFileReference; fileEncoding = 4; lastKnownFileType = file.xib; path = DCSFuzzImageTableViewCell.xib; sourceTree = "<group>"; };
		369FD3681AF1C3F8009FB9A7 /* DCSFuzzImageTableViewCell.h */ = {isa = PBXFileReference; fileEncoding = 4; lastKnownFileType = sourcecode.c.h; path = DCSFuzzImageTableViewCell.h; sourceTree = "<group>"; };
		369FD3691AF1C3F8009FB9A7 /* DCSFuzzImageTableViewCell.m */ = {isa = PBXFileReference; fileEncoding = 4; lastKnownFileType = sourcecode.c.objc; path = DCSFuzzImageTableViewCell.m; sourceTree = "<group>"; };
		36ED69031AF1970F008EA7D3 /* DCSFuzzDatastore.h */ = {isa = PBXFileReference; fileEncoding = 4; lastKnownFileType = sourcecode.c.h; name = DCSFuzzDatastore.h; path = FuzzCodingChallenge/DCSFuzzDatastore.h; sourceTree = "<group>"; };
		36ED69041AF1970F008EA7D3 /* DCSFuzzDatastore.m */ = {isa = PBXFileReference; fileEncoding = 4; lastKnownFileType = sourcecode.c.objc; name = DCSFuzzDatastore.m; path = FuzzCodingChallenge/DCSFuzzDatastore.m; sourceTree = "<group>"; };
		36ED69061AF19741008EA7D3 /* DCSFuzzAPI.h */ = {isa = PBXFileReference; fileEncoding = 4; lastKnownFileType = sourcecode.c.h; name = DCSFuzzAPI.h; path = FuzzCodingChallenge/DCSFuzzAPI.h; sourceTree = "<group>"; };
		36ED69071AF19741008EA7D3 /* DCSFuzzAPI.m */ = {isa = PBXFileReference; fileEncoding = 4; lastKnownFileType = sourcecode.c.objc; name = DCSFuzzAPI.m; path = FuzzCodingChallenge/DCSFuzzAPI.m; sourceTree = "<group>"; };
		36ED69091AF1976C008EA7D3 /* DCSConstants.h */ = {isa = PBXFileReference; fileEncoding = 4; lastKnownFileType = sourcecode.c.h; name = DCSConstants.h; path = FuzzCodingChallenge/DCSConstants.h; sourceTree = "<group>"; };
		36ED690A1AF1976C008EA7D3 /* DCSConstants.m */ = {isa = PBXFileReference; fileEncoding = 4; lastKnownFileType = sourcecode.c.objc; name = DCSConstants.m; path = FuzzCodingChallenge/DCSConstants.m; sourceTree = "<group>"; };
		36ED690C1AF19900008EA7D3 /* DCSFuzzData.h */ = {isa = PBXFileReference; fileEncoding = 4; lastKnownFileType = sourcecode.c.h; path = DCSFuzzData.h; sourceTree = "<group>"; };
		36ED690D1AF19900008EA7D3 /* DCSFuzzData.m */ = {isa = PBXFileReference; fileEncoding = 4; lastKnownFileType = sourcecode.c.objc; path = DCSFuzzData.m; sourceTree = "<group>"; };
		36ED690F1AF19BD5008EA7D3 /* DCSFuzzTabBarController.h */ = {isa = PBXFileReference; fileEncoding = 4; lastKnownFileType = sourcecode.c.h; path = DCSFuzzTabBarController.h; sourceTree = "<group>"; };
		36ED69101AF19BD5008EA7D3 /* DCSFuzzTabBarController.m */ = {isa = PBXFileReference; fileEncoding = 4; lastKnownFileType = sourcecode.c.objc; path = DCSFuzzTabBarController.m; sourceTree = "<group>"; };
		36ED69121AF19C24008EA7D3 /* DCSFuzzAllDataTableViewController.h */ = {isa = PBXFileReference; fileEncoding = 4; lastKnownFileType = sourcecode.c.h; path = DCSFuzzAllDataTableViewController.h; sourceTree = "<group>"; };
		36ED69131AF19C24008EA7D3 /* DCSFuzzAllDataTableViewController.m */ = {isa = PBXFileReference; fileEncoding = 4; lastKnownFileType = sourcecode.c.objc; path = DCSFuzzAllDataTableViewController.m; sourceTree = "<group>"; };
		36ED69151AF19C6B008EA7D3 /* DCSFuzzImagesTableViewController.h */ = {isa = PBXFileReference; fileEncoding = 4; lastKnownFileType = sourcecode.c.h; name = DCSFuzzImagesTableViewController.h; path = FuzzCodingChallenge/DCSFuzzImagesTableViewController.h; sourceTree = "<group>"; };
		36ED69161AF19C6B008EA7D3 /* DCSFuzzImagesTableViewController.m */ = {isa = PBXFileReference; fileEncoding = 4; lastKnownFileType = sourcecode.c.objc; name = DCSFuzzImagesTableViewController.m; path = FuzzCodingChallenge/DCSFuzzImagesTableViewController.m; sourceTree = "<group>"; };
		36ED69181AF19C78008EA7D3 /* DCSFuzzTextTableViewController.h */ = {isa = PBXFileReference; fileEncoding = 4; lastKnownFileType = sourcecode.c.h; path = DCSFuzzTextTableViewController.h; sourceTree = "<group>"; };
		36ED69191AF19C78008EA7D3 /* DCSFuzzTextTableViewController.m */ = {isa = PBXFileReference; fileEncoding = 4; lastKnownFileType = sourcecode.c.objc; path = DCSFuzzTextTableViewController.m; sourceTree = "<group>"; };
		5BA7C613EE166D3BEBCC6DB6 /* libPods.a */ = {isa = PBXFileReference; explicitFileType = archive.ar; includeInIndex = 0; path = libPods.a; sourceTree = BUILT_PRODUCTS_DIR; };
		7AED3ECBA675DBBF9BA3B439 /* Pods.release.xcconfig */ = {isa = PBXFileReference; includeInIndex = 1; lastKnownFileType = text.xcconfig; name = Pods.release.xcconfig; path = "Pods/Target Support Files/Pods/Pods.release.xcconfig"; sourceTree = "<group>"; };
		E0B24C3269F1EE38EC407814 /* Pods.debug.xcconfig */ = {isa = PBXFileReference; includeInIndex = 1; lastKnownFileType = text.xcconfig; name = Pods.debug.xcconfig; path = "Pods/Target Support Files/Pods/Pods.debug.xcconfig"; sourceTree = "<group>"; };
/* End PBXFileReference section */

/* Begin PBXFrameworksBuildPhase section */
		368126891AF17E9000101034 /* Frameworks */ = {
			isa = PBXFrameworksBuildPhase;
			buildActionMask = 2147483647;
			files = (
				91C8B54D7E697469353F7B13 /* libPods.a in Frameworks */,
			);
			runOnlyForDeploymentPostprocessing = 0;
		};
		368126A21AF17E9000101034 /* Frameworks */ = {
			isa = PBXFrameworksBuildPhase;
			buildActionMask = 2147483647;
			files = (
			);
			runOnlyForDeploymentPostprocessing = 0;
		};
/* End PBXFrameworksBuildPhase section */

/* Begin PBXGroup section */
		06EE17C4E956FD1297750D6E /* Frameworks */ = {
			isa = PBXGroup;
			children = (
				5BA7C613EE166D3BEBCC6DB6 /* libPods.a */,
			);
			name = Frameworks;
			sourceTree = "<group>";
		};
		36594FA51AF1E6470010E3D1 /* Xibs */ = {
			isa = PBXGroup;
			children = (
				369FD35A1AF1A793009FB9A7 /* DCSFuzzTextCell.h */,
				36594F971AF1C68A0010E3D1 /* DCSFuzzTextCell.xib */,
				369FD35B1AF1A793009FB9A7 /* DCSFuzzTextCell.m */,
				36594FA01AF1DDE10010E3D1 /* DCSFuzzWebViewController.h */,
				36594FA11AF1DDE10010E3D1 /* DCSFuzzWebViewController.m */,
				36594FA21AF1DDE10010E3D1 /* DCSFuzzWebViewController.xib */,
				36594F9B1AF1D9BA0010E3D1 /* DCSFuzzImageViewController.h */,
				36594F9C1AF1D9BA0010E3D1 /* DCSFuzzImageViewController.m */,
				36594F9D1AF1D9BA0010E3D1 /* DCSFuzzImageViewController.xib */,
				369FD3681AF1C3F8009FB9A7 /* DCSFuzzImageTableViewCell.h */,
				369FD3691AF1C3F8009FB9A7 /* DCSFuzzImageTableViewCell.m */,
				369FD3661AF1C3AD009FB9A7 /* DCSFuzzImageTableViewCell.xib */,
			);
			name = Xibs;
			sourceTree = "<group>";
		};
		36594FA61AF1E6790010E3D1 /* Supporting Files */ = {
			isa = PBXGroup;
			children = (
				36594F991AF1D49A0010E3D1 /* placeholder.png */,
				36594FA91AF2B6500010E3D1 /* no_image.png */,
				36ED69091AF1976C008EA7D3 /* DCSConstants.h */,
				36ED690A1AF1976C008EA7D3 /* DCSConstants.m */,
			);
			name = "Supporting Files";
			sourceTree = "<group>";
		};
		36594FA71AF1E6910010E3D1 /* Data */ = {
			isa = PBXGroup;
			children = (
				36ED690C1AF19900008EA7D3 /* DCSFuzzData.h */,
				36ED690D1AF19900008EA7D3 /* DCSFuzzData.m */,
				36ED69031AF1970F008EA7D3 /* DCSFuzzDatastore.h */,
				36ED69041AF1970F008EA7D3 /* DCSFuzzDatastore.m */,
			);
			name = Data;
			sourceTree = "<group>";
		};
		36594FA81AF1E6B90010E3D1 /* APIs */ = {
			isa = PBXGroup;
			children = (
				36ED69061AF19741008EA7D3 /* DCSFuzzAPI.h */,
				36ED69071AF19741008EA7D3 /* DCSFuzzAPI.m */,
			);
			name = APIs;
			sourceTree = "<group>";
		};
		368126831AF17E9000101034 = {
			isa = PBXGroup;
			children = (
				36594FA81AF1E6B90010E3D1 /* APIs */,
				36594FA71AF1E6910010E3D1 /* Data */,
				36594FA61AF1E6790010E3D1 /* Supporting Files */,
				36594FA51AF1E6470010E3D1 /* Xibs */,
				36ED691B1AF19C81008EA7D3 /* ViewControllers */,
				3681268E1AF17E9000101034 /* FuzzCodingChallenge */,
				368126A81AF17E9000101034 /* FuzzCodingChallengeTests */,
				3681268D1AF17E9000101034 /* Products */,
				CAD01555A0399BFBA1EF9429 /* Pods */,
				06EE17C4E956FD1297750D6E /* Frameworks */,
			);
			sourceTree = "<group>";
		};
		3681268D1AF17E9000101034 /* Products */ = {
			isa = PBXGroup;
			children = (
				3681268C1AF17E9000101034 /* FuzzCodingChallenge.app */,
				368126A51AF17E9000101034 /* FuzzCodingChallengeTests.xctest */,
			);
			name = Products;
			sourceTree = "<group>";
		};
		3681268E1AF17E9000101034 /* FuzzCodingChallenge */ = {
			isa = PBXGroup;
			children = (
				368126931AF17E9000101034 /* AppDelegate.h */,
				368126941AF17E9000101034 /* AppDelegate.m */,
				368126991AF17E9000101034 /* Main.storyboard */,
				3681269C1AF17E9000101034 /* Images.xcassets */,
				3681269E1AF17E9000101034 /* LaunchScreen.xib */,
				3681268F1AF17E9000101034 /* Supporting Files */,
			);
			path = FuzzCodingChallenge;
			sourceTree = "<group>";
		};
		3681268F1AF17E9000101034 /* Supporting Files */ = {
			isa = PBXGroup;
			children = (
				368126901AF17E9000101034 /* Info.plist */,
				368126911AF17E9000101034 /* main.m */,
			);
			name = "Supporting Files";
			sourceTree = "<group>";
		};
		368126A81AF17E9000101034 /* FuzzCodingChallengeTests */ = {
			isa = PBXGroup;
			children = (
				368126AB1AF17E9000101034 /* FuzzCodingChallengeTests.m */,
				368126A91AF17E9000101034 /* Supporting Files */,
			);
			path = FuzzCodingChallengeTests;
			sourceTree = "<group>";
		};
		368126A91AF17E9000101034 /* Supporting Files */ = {
			isa = PBXGroup;
			children = (
				368126AA1AF17E9000101034 /* Info.plist */,
			);
			name = "Supporting Files";
			sourceTree = "<group>";
		};
		36ED691B1AF19C81008EA7D3 /* ViewControllers */ = {
			isa = PBXGroup;
			children = (
				36ED690F1AF19BD5008EA7D3 /* DCSFuzzTabBarController.h */,
				36ED69101AF19BD5008EA7D3 /* DCSFuzzTabBarController.m */,
				36ED69151AF19C6B008EA7D3 /* DCSFuzzImagesTableViewController.h */,
				36ED69161AF19C6B008EA7D3 /* DCSFuzzImagesTableViewController.m */,
				36ED69181AF19C78008EA7D3 /* DCSFuzzTextTableViewController.h */,
				36ED69191AF19C78008EA7D3 /* DCSFuzzTextTableViewController.m */,
				36ED69121AF19C24008EA7D3 /* DCSFuzzAllDataTableViewController.h */,
				36ED69131AF19C24008EA7D3 /* DCSFuzzAllDataTableViewController.m */,
			);
			name = ViewControllers;
			sourceTree = "<group>";
		};
		CAD01555A0399BFBA1EF9429 /* Pods */ = {
			isa = PBXGroup;
			children = (
				E0B24C3269F1EE38EC407814 /* Pods.debug.xcconfig */,
				7AED3ECBA675DBBF9BA3B439 /* Pods.release.xcconfig */,
			);
			name = Pods;
			sourceTree = "<group>";
		};
/* End PBXGroup section */

/* Begin PBXNativeTarget section */
		3681268B1AF17E9000101034 /* FuzzCodingChallenge */ = {
			isa = PBXNativeTarget;
			buildConfigurationList = 368126AF1AF17E9000101034 /* Build configuration list for PBXNativeTarget "FuzzCodingChallenge" */;
			buildPhases = (
				20493A5EADE26744C1D34B9A /* Check Pods Manifest.lock */,
				368126881AF17E9000101034 /* Sources */,
				368126891AF17E9000101034 /* Frameworks */,
				3681268A1AF17E9000101034 /* Resources */,
				2354E096A2020AD1762FCD5D /* Copy Pods Resources */,
			);
			buildRules = (
			);
			dependencies = (
			);
			name = FuzzCodingChallenge;
			productName = FuzzCodingChallenge;
			productReference = 3681268C1AF17E9000101034 /* FuzzCodingChallenge.app */;
			productType = "com.apple.product-type.application";
		};
		368126A41AF17E9000101034 /* FuzzCodingChallengeTests */ = {
			isa = PBXNativeTarget;
			buildConfigurationList = 368126B21AF17E9000101034 /* Build configuration list for PBXNativeTarget "FuzzCodingChallengeTests" */;
			buildPhases = (
				368126A11AF17E9000101034 /* Sources */,
				368126A21AF17E9000101034 /* Frameworks */,
				368126A31AF17E9000101034 /* Resources */,
			);
			buildRules = (
			);
			dependencies = (
				368126A71AF17E9000101034 /* PBXTargetDependency */,
			);
			name = FuzzCodingChallengeTests;
			productName = FuzzCodingChallengeTests;
			productReference = 368126A51AF17E9000101034 /* FuzzCodingChallengeTests.xctest */;
			productType = "com.apple.product-type.bundle.unit-test";
		};
/* End PBXNativeTarget section */

/* Begin PBXProject section */
		368126841AF17E9000101034 /* Project object */ = {
			isa = PBXProject;
			attributes = {
				LastUpgradeCheck = 0630;
				ORGANIZATIONNAME = DamonSkinner;
				TargetAttributes = {
					3681268B1AF17E9000101034 = {
						CreatedOnToolsVersion = 6.3;
					};
					368126A41AF17E9000101034 = {
						CreatedOnToolsVersion = 6.3;
						TestTargetID = 3681268B1AF17E9000101034;
					};
				};
			};
			buildConfigurationList = 368126871AF17E9000101034 /* Build configuration list for PBXProject "FuzzCodingChallenge" */;
			compatibilityVersion = "Xcode 3.2";
			developmentRegion = English;
			hasScannedForEncodings = 0;
			knownRegions = (
				en,
				Base,
			);
			mainGroup = 368126831AF17E9000101034;
			productRefGroup = 3681268D1AF17E9000101034 /* Products */;
			projectDirPath = "";
			projectRoot = "";
			targets = (
				3681268B1AF17E9000101034 /* FuzzCodingChallenge */,
				368126A41AF17E9000101034 /* FuzzCodingChallengeTests */,
			);
		};
/* End PBXProject section */

/* Begin PBXResourcesBuildPhase section */
		3681268A1AF17E9000101034 /* Resources */ = {
			isa = PBXResourcesBuildPhase;
			buildActionMask = 2147483647;
			files = (
				3681269B1AF17E9000101034 /* Main.storyboard in Resources */,
				36594F9F1AF1D9BA0010E3D1 /* DCSFuzzImageViewController.xib in Resources */,
				36594F9A1AF1D49A0010E3D1 /* placeholder.png in Resources */,
				36594FA41AF1DDE10010E3D1 /* DCSFuzzWebViewController.xib in Resources */,
				36594F981AF1C68A0010E3D1 /* DCSFuzzTextCell.xib in Resources */,
				368126A01AF17E9000101034 /* LaunchScreen.xib in Resources */,
				3681269D1AF17E9000101034 /* Images.xcassets in Resources */,
				36594FAA1AF2B6500010E3D1 /* no_image.png in Resources */,
				369FD3671AF1C3AD009FB9A7 /* DCSFuzzImageTableViewCell.xib in Resources */,
			);
			runOnlyForDeploymentPostprocessing = 0;
		};
		368126A31AF17E9000101034 /* Resources */ = {
			isa = PBXResourcesBuildPhase;
			buildActionMask = 2147483647;
			files = (
			);
			runOnlyForDeploymentPostprocessing = 0;
		};
/* End PBXResourcesBuildPhase section */

/* Begin PBXShellScriptBuildPhase section */
		20493A5EADE26744C1D34B9A /* Check Pods Manifest.lock */ = {
			isa = PBXShellScriptBuildPhase;
			buildActionMask = 2147483647;
			files = (
			);
			inputPaths = (
			);
			name = "Check Pods Manifest.lock";
			outputPaths = (
			);
			runOnlyForDeploymentPostprocessing = 0;
			shellPath = /bin/sh;
			shellScript = "diff \"${PODS_ROOT}/../Podfile.lock\" \"${PODS_ROOT}/Manifest.lock\" > /dev/null\nif [[ $? != 0 ]] ; then\n    cat << EOM\nerror: The sandbox is not in sync with the Podfile.lock. Run 'pod install' or update your CocoaPods installation.\nEOM\n    exit 1\nfi\n";
			showEnvVarsInLog = 0;
		};
		2354E096A2020AD1762FCD5D /* Copy Pods Resources */ = {
			isa = PBXShellScriptBuildPhase;
			buildActionMask = 2147483647;
			files = (
			);
			inputPaths = (
			);
			name = "Copy Pods Resources";
			outputPaths = (
			);
			runOnlyForDeploymentPostprocessing = 0;
			shellPath = /bin/sh;
			shellScript = "\"${SRCROOT}/Pods/Target Support Files/Pods/Pods-resources.sh\"\n";
			showEnvVarsInLog = 0;
		};
/* End PBXShellScriptBuildPhase section */

/* Begin PBXSourcesBuildPhase section */
		368126881AF17E9000101034 /* Sources */ = {
			isa = PBXSourcesBuildPhase;
			buildActionMask = 2147483647;
			files = (
				36ED690B1AF1976C008EA7D3 /* DCSConstants.m in Sources */,
				369FD35D1AF1A793009FB9A7 /* DCSFuzzTextCell.m in Sources */,
				36ED69051AF1970F008EA7D3 /* DCSFuzzDatastore.m in Sources */,
				36594F9E1AF1D9BA0010E3D1 /* DCSFuzzImageViewController.m in Sources */,
				36ED690E1AF19900008EA7D3 /* DCSFuzzData.m in Sources */,
				368126951AF17E9000101034 /* AppDelegate.m in Sources */,
				36594FA31AF1DDE10010E3D1 /* DCSFuzzWebViewController.m in Sources */,
				36ED69111AF19BD5008EA7D3 /* DCSFuzzTabBarController.m in Sources */,
				369FD36A1AF1C3F8009FB9A7 /* DCSFuzzImageTableViewCell.m in Sources */,
				36ED691A1AF19C78008EA7D3 /* DCSFuzzTextTableViewController.m in Sources */,
				368126921AF17E9000101034 /* main.m in Sources */,
				36ED69141AF19C24008EA7D3 /* DCSFuzzAllDataTableViewController.m in Sources */,
				36ED69081AF19741008EA7D3 /* DCSFuzzAPI.m in Sources */,
				36ED69171AF19C6B008EA7D3 /* DCSFuzzImagesTableViewController.m in Sources */,
			);
			runOnlyForDeploymentPostprocessing = 0;
		};
		368126A11AF17E9000101034 /* Sources */ = {
			isa = PBXSourcesBuildPhase;
			buildActionMask = 2147483647;
			files = (
				368126AC1AF17E9000101034 /* FuzzCodingChallengeTests.m in Sources */,
			);
			runOnlyForDeploymentPostprocessing = 0;
		};
/* End PBXSourcesBuildPhase section */

/* Begin PBXTargetDependency section */
		368126A71AF17E9000101034 /* PBXTargetDependency */ = {
			isa = PBXTargetDependency;
			target = 3681268B1AF17E9000101034 /* FuzzCodingChallenge */;
			targetProxy = 368126A61AF17E9000101034 /* PBXContainerItemProxy */;
		};
/* End PBXTargetDependency section */

/* Begin PBXVariantGroup section */
		368126991AF17E9000101034 /* Main.storyboard */ = {
			isa = PBXVariantGroup;
			children = (
				3681269A1AF17E9000101034 /* Base */,
			);
			name = Main.storyboard;
			sourceTree = "<group>";
		};
		3681269E1AF17E9000101034 /* LaunchScreen.xib */ = {
			isa = PBXVariantGroup;
			children = (
				3681269F1AF17E9000101034 /* Base */,
			);
			name = LaunchScreen.xib;
			sourceTree = "<group>";
		};
/* End PBXVariantGroup section */

/* Begin XCBuildConfiguration section */
		368126AD1AF17E9000101034 /* Debug */ = {
			isa = XCBuildConfiguration;
			buildSettings = {
				ALWAYS_SEARCH_USER_PATHS = NO;
				CLANG_CXX_LANGUAGE_STANDARD = "gnu++0x";
				CLANG_CXX_LIBRARY = "libc++";
				CLANG_ENABLE_MODULES = YES;
				CLANG_ENABLE_OBJC_ARC = YES;
				CLANG_WARN_BOOL_CONVERSION = YES;
				CLANG_WARN_CONSTANT_CONVERSION = YES;
				CLANG_WARN_DIRECT_OBJC_ISA_USAGE = YES_ERROR;
				CLANG_WARN_EMPTY_BODY = YES;
				CLANG_WARN_ENUM_CONVERSION = YES;
				CLANG_WARN_INT_CONVERSION = YES;
				CLANG_WARN_OBJC_ROOT_CLASS = YES_ERROR;
				CLANG_WARN_UNREACHABLE_CODE = YES;
				CLANG_WARN__DUPLICATE_METHOD_MATCH = YES;
				"CODE_SIGN_IDENTITY[sdk=iphoneos*]" = "iPhone Developer";
				COPY_PHASE_STRIP = NO;
				DEBUG_INFORMATION_FORMAT = "dwarf-with-dsym";
				ENABLE_STRICT_OBJC_MSGSEND = YES;
				GCC_C_LANGUAGE_STANDARD = gnu99;
				GCC_DYNAMIC_NO_PIC = NO;
				GCC_NO_COMMON_BLOCKS = YES;
				GCC_OPTIMIZATION_LEVEL = 0;
				GCC_PREPROCESSOR_DEFINITIONS = (
					"DEBUG=1",
					"$(inherited)",
				);
				GCC_SYMBOLS_PRIVATE_EXTERN = NO;
				GCC_WARN_64_TO_32_BIT_CONVERSION = YES;
				GCC_WARN_ABOUT_RETURN_TYPE = YES_ERROR;
				GCC_WARN_UNDECLARED_SELECTOR = YES;
				GCC_WARN_UNINITIALIZED_AUTOS = YES_AGGRESSIVE;
				GCC_WARN_UNUSED_FUNCTION = YES;
				GCC_WARN_UNUSED_VARIABLE = YES;
				IPHONEOS_DEPLOYMENT_TARGET = 8.3;
				MTL_ENABLE_DEBUG_INFO = YES;
				ONLY_ACTIVE_ARCH = YES;
				SDKROOT = iphoneos;
			};
			name = Debug;
		};
		368126AE1AF17E9000101034 /* Release */ = {
			isa = XCBuildConfiguration;
			buildSettings = {
				ALWAYS_SEARCH_USER_PATHS = NO;
				CLANG_CXX_LANGUAGE_STANDARD = "gnu++0x";
				CLANG_CXX_LIBRARY = "libc++";
				CLANG_ENABLE_MODULES = YES;
				CLANG_ENABLE_OBJC_ARC = YES;
				CLANG_WARN_BOOL_CONVERSION = YES;
				CLANG_WARN_CONSTANT_CONVERSION = YES;
				CLANG_WARN_DIRECT_OBJC_ISA_USAGE = YES_ERROR;
				CLANG_WARN_EMPTY_BODY = YES;
				CLANG_WARN_ENUM_CONVERSION = YES;
				CLANG_WARN_INT_CONVERSION = YES;
				CLANG_WARN_OBJC_ROOT_CLASS = YES_ERROR;
				CLANG_WARN_UNREACHABLE_CODE = YES;
				CLANG_WARN__DUPLICATE_METHOD_MATCH = YES;
				"CODE_SIGN_IDENTITY[sdk=iphoneos*]" = "iPhone Developer";
				COPY_PHASE_STRIP = NO;
				DEBUG_INFORMATION_FORMAT = "dwarf-with-dsym";
				ENABLE_NS_ASSERTIONS = NO;
				ENABLE_STRICT_OBJC_MSGSEND = YES;
				GCC_C_LANGUAGE_STANDARD = gnu99;
				GCC_NO_COMMON_BLOCKS = YES;
				GCC_WARN_64_TO_32_BIT_CONVERSION = YES;
				GCC_WARN_ABOUT_RETURN_TYPE = YES_ERROR;
				GCC_WARN_UNDECLARED_SELECTOR = YES;
				GCC_WARN_UNINITIALIZED_AUTOS = YES_AGGRESSIVE;
				GCC_WARN_UNUSED_FUNCTION = YES;
				GCC_WARN_UNUSED_VARIABLE = YES;
				IPHONEOS_DEPLOYMENT_TARGET = 8.3;
				MTL_ENABLE_DEBUG_INFO = NO;
				SDKROOT = iphoneos;
				VALIDATE_PRODUCT = YES;
			};
			name = Release;
		};
		368126B01AF17E9000101034 /* Debug */ = {
			isa = XCBuildConfiguration;
			baseConfigurationReference = E0B24C3269F1EE38EC407814 /* Pods.debug.xcconfig */;
			buildSettings = {
				ASSETCATALOG_COMPILER_APPICON_NAME = AppIcon;
				INFOPLIST_FILE = FuzzCodingChallenge/Info.plist;
				LD_RUNPATH_SEARCH_PATHS = "$(inherited) @executable_path/Frameworks";
				PRODUCT_NAME = "$(TARGET_NAME)";
			};
			name = Debug;
		};
		368126B11AF17E9000101034 /* Release */ = {
			isa = XCBuildConfiguration;
			baseConfigurationReference = 7AED3ECBA675DBBF9BA3B439 /* Pods.release.xcconfig */;
			buildSettings = {
				ASSETCATALOG_COMPILER_APPICON_NAME = AppIcon;
				INFOPLIST_FILE = FuzzCodingChallenge/Info.plist;
				LD_RUNPATH_SEARCH_PATHS = "$(inherited) @executable_path/Frameworks";
				PRODUCT_NAME = "$(TARGET_NAME)";
			};
			name = Release;
		};
		368126B31AF17E9000101034 /* Debug */ = {
			isa = XCBuildConfiguration;
			buildSettings = {
				BUNDLE_LOADER = "$(TEST_HOST)";
				FRAMEWORK_SEARCH_PATHS = (
					"$(SDKROOT)/Developer/Library/Frameworks",
					"$(inherited)",
				);
				GCC_PREPROCESSOR_DEFINITIONS = (
					"DEBUG=1",
					"$(inherited)",
				);
				INFOPLIST_FILE = FuzzCodingChallengeTests/Info.plist;
				LD_RUNPATH_SEARCH_PATHS = "$(inherited) @executable_path/Frameworks @loader_path/Frameworks";
				PRODUCT_NAME = "$(TARGET_NAME)";
				TEST_HOST = "$(BUILT_PRODUCTS_DIR)/FuzzCodingChallenge.app/FuzzCodingChallenge";
			};
			name = Debug;
		};
		368126B41AF17E9000101034 /* Release */ = {
			isa = XCBuildConfiguration;
			buildSettings = {
				BUNDLE_LOADER = "$(TEST_HOST)";
				FRAMEWORK_SEARCH_PATHS = (
					"$(SDKROOT)/Developer/Library/Frameworks",
					"$(inherited)",
				);
				INFOPLIST_FILE = FuzzCodingChallengeTests/Info.plist;
				LD_RUNPATH_SEARCH_PATHS = "$(inherited) @executable_path/Frameworks @loader_path/Frameworks";
				PRODUCT_NAME = "$(TARGET_NAME)";
				TEST_HOST = "$(BUILT_PRODUCTS_DIR)/FuzzCodingChallenge.app/FuzzCodingChallenge";
			};
			name = Release;
		};
/* End XCBuildConfiguration section */

/* Begin XCConfigurationList section */
		368126871AF17E9000101034 /* Build configuration list for PBXProject "FuzzCodingChallenge" */ = {
			isa = XCConfigurationList;
			buildConfigurations = (
				368126AD1AF17E9000101034 /* Debug */,
				368126AE1AF17E9000101034 /* Release */,
			);
			defaultConfigurationIsVisible = 0;
			defaultConfigurationName = Release;
		};
		368126AF1AF17E9000101034 /* Build configuration list for PBXNativeTarget "FuzzCodingChallenge" */ = {
			isa = XCConfigurationList;
			buildConfigurations = (
				368126B01AF17E9000101034 /* Debug */,
				368126B11AF17E9000101034 /* Release */,
			);
			defaultConfigurationIsVisible = 0;
			defaultConfigurationName = Release;
		};
		368126B21AF17E9000101034 /* Build configuration list for PBXNativeTarget "FuzzCodingChallengeTests" */ = {
			isa = XCConfigurationList;
			buildConfigurations = (
				368126B31AF17E9000101034 /* Debug */,
				368126B41AF17E9000101034 /* Release */,
			);
			defaultConfigurationIsVisible = 0;
			defaultConfigurationName = Release;
		};
/* End XCConfigurationList section */
	};
	rootObject = 368126841AF17E9000101034 /* Project object */;
}
